<?xml version="1.0" encoding="utf-8"?>
<Project ToolsVersion="4.0" xmlns="http://schemas.microsoft.com/developer/msbuild/2003">
  <ItemGroup>
    <Filter Include="Source Files">
      <UniqueIdentifier>{4FC737F1-C7A5-4376-A066-2A32D752A2FF}</UniqueIdentifier>
      <Extensions>cpp;c;cc;cxx;c++;cppm;ixx;def;odl;idl;hpj;bat;asm;asmx</Extensions>
    </Filter>
    <Filter Include="Header Files">
      <UniqueIdentifier>{93995380-89BD-4b04-88EB-625FBE52EBFB}</UniqueIdentifier>
      <Extensions>h;hh;hpp;hxx;h++;hm;inl;inc;ipp;xsd</Extensions>
    </Filter>
    <Filter Include="Resource Files">
      <UniqueIdentifier>{67DA6AB6-F800-4c08-8B7A-83BB121AAD01}</UniqueIdentifier>
      <Extensions>rc;ico;cur;bmp;dlg;rc2;rct;bin;rgs;gif;jpg;jpeg;jpe;resx;tiff;tif;png;wav;mfcribbon-ms</Extensions>
    </Filter>
    <Filter Include="GUI">
      <UniqueIdentifier>{a67cbb9c-4a4a-45af-ab2a-277892530d38}</UniqueIdentifier>
    </Filter>
  </ItemGroup>
  <ItemGroup>
    <ClCompile Include="assets.cpp">
      <Filter>Source Files</Filter>
    </ClCompile>
    <ClCompile Include="level.cpp">
      <Filter>Source Files</Filter>
    </ClCompile>
    <ClCompile Include="main.cpp">
      <Filter>Source Files</Filter>
    </ClCompile>
    <ClCompile Include="Sprite.cpp">
      <Filter>Source Files</Filter>
    </ClCompile>
    <ClCompile Include="Framework.cpp">
      <Filter>Source Files</Filter>
    </ClCompile>
    <ClCompile Include="Timer.cpp">
      <Filter>Source Files</Filter>
    </ClCompile>
    <ClCompile Include="game.cpp">
      <Filter>Source Files</Filter>
    </ClCompile>
    <ClCompile Include="Player.cpp">
      <Filter>Source Files</Filter>
    </ClCompile>
    <ClCompile Include="LTexture.cpp">
      <Filter>Source Files</Filter>
    </ClCompile>
    <ClCompile Include="animatedSprite.cpp">
      <Filter>Source Files</Filter>
    </ClCompile>
    <ClCompile Include="SystemInterface_SDL.cpp">
      <Filter>Source Files</Filter>
    </ClCompile>
    <ClCompile Include="RenderInterface_SDL.cpp">
      <Filter>Source Files</Filter>
    </ClCompile>
    <ClCompile Include="BaseWidget.cpp">
      <Filter>GUI</Filter>
    </ClCompile>
    <ClCompile Include="LabelWidget.cpp">
      <Filter>GUI</Filter>
    </ClCompile>
    <ClCompile Include="GUISystem.cpp">
      <Filter>GUI</Filter>
    </ClCompile>
    <ClCompile Include="ButtonWidget.cpp">
      <Filter>GUI</Filter>
    </ClCompile>
    <ClCompile Include="ProgressWidget.cpp">
      <Filter>GUI</Filter>
    </ClCompile>
    <ClCompile Include="ImageWidget.cpp">
      <Filter>GUI</Filter>
    </ClCompile>
    <ClCompile Include="pathfinding.cpp">
      <Filter>Source Files</Filter>
    </ClCompile>
  </ItemGroup>
  <ItemGroup>
    <ClInclude Include="assets.hpp">
      <Filter>Header Files</Filter>
    </ClInclude>
    <ClInclude Include="game.h">
      <Filter>Header Files</Filter>
    </ClInclude>
    <ClInclude Include="level.hpp">
      <Filter>Header Files</Filter>
    </ClInclude>
    <ClInclude Include="Sprite.h">
      <Filter>Header Files</Filter>
    </ClInclude>
    <ClInclude Include="Framework.h">
      <Filter>Header Files</Filter>
    </ClInclude>
    <ClInclude Include="Timer.h">
      <Filter>Header Files</Filter>
    </ClInclude>
    <ClInclude Include="TSingleton.h">
      <Filter>Header Files</Filter>
    </ClInclude>
    <ClInclude Include="Player.h">
      <Filter>Header Files</Filter>
    </ClInclude>
    <ClInclude Include="LTexture.h">
      <Filter>Header Files</Filter>
    </ClInclude>
    <ClInclude Include="animatedSprite.h">
      <Filter>Header Files</Filter>
    </ClInclude>
    <ClInclude Include="SystemInterface_SDL.h">
      <Filter>Header Files</Filter>
    </ClInclude>
    <ClInclude Include="RenderInterface_SDL.h">
      <Filter>Header Files</Filter>
    </ClInclude>
    <ClInclude Include="BaseWidget.h">
      <Filter>GUI</Filter>
    </ClInclude>
    <ClInclude Include="LabelWidget.h">
      <Filter>GUI</Filter>
    </ClInclude>
    <ClInclude Include="GUISystem.h">
      <Filter>GUI</Filter>
    </ClInclude>
    <ClInclude Include="ButtonWidget.h">
      <Filter>GUI</Filter>
    </ClInclude>
    <ClInclude Include="ProgressWidget.h">
      <Filter>GUI</Filter>
    </ClInclude>
    <ClInclude Include="ImageWidget.h">
      <Filter>GUI</Filter>
    </ClInclude>
    <ClInclude Include="pathfinding.h">
      <Filter>Header Files</Filter>
    </ClInclude>
  </ItemGroup>
</Project>